<?xml version="1.0" encoding="utf-8"?>
<Project ToolsVersion="4.0" xmlns="http://schemas.microsoft.com/developer/msbuild/2003">
  <ItemGroup>
    <Filter Include="소스 파일">
      <UniqueIdentifier>{4FC737F1-C7A5-4376-A066-2A32D752A2FF}</UniqueIdentifier>
      <Extensions>cpp;c;cc;cxx;c++;cppm;ixx;def;odl;idl;hpj;bat;asm;asmx</Extensions>
    </Filter>
    <Filter Include="헤더 파일">
      <UniqueIdentifier>{93995380-89BD-4b04-88EB-625FBE52EBFB}</UniqueIdentifier>
      <Extensions>h;hh;hpp;hxx;h++;hm;inl;inc;ipp;xsd</Extensions>
    </Filter>
    <Filter Include="리소스 파일">
      <UniqueIdentifier>{67DA6AB6-F800-4c08-8B7A-83BB121AAD01}</UniqueIdentifier>
      <Extensions>rc;ico;cur;bmp;dlg;rc2;rct;bin;rgs;gif;jpg;jpeg;jpe;resx;tiff;tif;png;wav;mfcribbon-ms</Extensions>
    </Filter>
    <Filter Include="소스 파일\lessons\05_gameplay_framework">
      <UniqueIdentifier>{1492A85E-32B5-4FE7-B0FF-B87EDDFE1E32}</UniqueIdentifier>
    </Filter>
    <Filter Include="헤더 파일\lessons\05_gameplay_framework">
      <UniqueIdentifier>{AEE84280-254C-4674-A16C-6B2E0DE89E66}</UniqueIdentifier>
    </Filter>
  </ItemGroup>
  <ItemGroup>
    <ClCompile Include="main.cpp">
      <Filter>소스 파일</Filter>
    </ClCompile>
    <ClCompile Include="lessons\02_ownership\Character.cpp">
      <Filter>소스 파일</Filter>
    </ClCompile>
    <ClCompile Include="lessons\01_data_model\DataModelLesson.cpp">
      <Filter>소스 파일</Filter>
    </ClCompile>
    <ClCompile Include="lessons\02_ownership\OwnershipLesson.cpp">
      <Filter>소스 파일</Filter>
    </ClCompile>
    <ClCompile Include="lessons\02_ownership\Weapon.cpp">
      <Filter>소스 파일</Filter>
    </ClCompile>
    <ClCompile Include="lessons\03_containers\ContainersLesson.cpp">
      <Filter>소스 파일</Filter>
    </ClCompile>
    <ClCompile Include="lessons\04_callbacks\CallbacksLesson.cpp">
      <Filter>소스 파일</Filter>
    </ClCompile>
    <ClCompile Include="lessons\04_callbacks\DamageEvent.cpp">
      <Filter>소스 파일</Filter>
    </ClCompile>
    <ClCompile Include="lessons\05_gameplay_framework\GameplayFrameworkLesson.cpp">
      <Filter>소스 파일\lessons\05_gameplay_framework</Filter>
    </ClCompile>
  </ItemGroup>
  <ItemGroup>
    <ClInclude Include="lessons\01_data_model\DataModelLesson.h">
      <Filter>헤더 파일</Filter>
    </ClInclude>
    <ClInclude Include="lessons\01_data_model\ECharacterState.h">
      <Filter>헤더 파일</Filter>
    </ClInclude>
    <ClInclude Include="lessons\01_data_model\FCharacterData.h">
      <Filter>헤더 파일</Filter>
    </ClInclude>
    <ClInclude Include="lessons\02_ownership\Character.h">
      <Filter>헤더 파일</Filter>
    </ClInclude>
    <ClInclude Include="lessons\02_ownership\OwnershipLesson.h">
      <Filter>헤더 파일</Filter>
    </ClInclude>
    <ClInclude Include="lessons\02_ownership\Weapon.h">
      <Filter>헤더 파일</Filter>
    </ClInclude>
    <ClInclude Include="lessons\03_containers\ContainersLesson.h">
      <Filter>헤더 파일</Filter>
    </ClInclude>
    <ClInclude Include="lessons\04_callbacks\CallbacksLesson.h">
      <Filter>헤더 파일</Filter>
    </ClInclude>
    <ClInclude Include="lessons\04_callbacks\DamageEvent.h">
      <Filter>헤더 파일</Filter>
    </ClInclude>
    <ClInclude Include="lessons\05_gameplay_framework\GameplayFrameworkLesson.h">
      <Filter>헤더 파일\lessons\05_gameplay_framework</Filter>
    </ClInclude>
  </ItemGroup>
</Project>
